<?xml version="1.0" encoding="utf-8"?>
<Project ToolsVersion="4.0" xmlns="http://schemas.microsoft.com/developer/msbuild/2003">
  <ItemGroup>
    <Filter Include="Engine">
      <UniqueIdentifier>{b90880e5-dbd2-4976-84e4-7b1e84e153fc}</UniqueIdentifier>
    </Filter>
    <Filter Include="Default">
      <UniqueIdentifier>{e7764c35-469f-49bd-8f9f-c4a3fb8f4061}</UniqueIdentifier>
    </Filter>
    <Filter Include="Default\리소스 파일">
      <UniqueIdentifier>{67DA6AB6-F800-4c08-8B7A-83BB121AAD01}</UniqueIdentifier>
      <Extensions>rc;ico;cur;bmp;dlg;rc2;rct;bin;rgs;gif;jpg;jpeg;jpe;resx;tiff;tif;png;wav;mfcribbon-ms</Extensions>
    </Filter>
    <Filter Include="Engine\01.Header">
      <UniqueIdentifier>{555f1794-1a01-4df0-9da8-a691a9142fce}</UniqueIdentifier>
    </Filter>
    <Filter Include="Engine\02.Core">
      <UniqueIdentifier>{e30f2362-1366-4b30-8464-1aa77c6796bb}</UniqueIdentifier>
    </Filter>
    <Filter Include="Engine\03.Mgr">
      <UniqueIdentifier>{a10fe7f1-5527-408d-8524-e12711a5cd8f}</UniqueIdentifier>
    </Filter>
    <Filter Include="Engine\03.Mgr\KeyMgr">
      <UniqueIdentifier>{996c0bc3-0eb5-4a9b-87b3-3459b77f6f3e}</UniqueIdentifier>
    </Filter>
    <Filter Include="Engine\04.Object">
      <UniqueIdentifier>{aa16874f-b0a5-46d7-bf68-4bbd9bbcdb07}</UniqueIdentifier>
    </Filter>
    <Filter Include="Engine\03.Mgr\TimeMgr">
      <UniqueIdentifier>{9499150b-959c-4d74-83d6-0c3b2db15d4b}</UniqueIdentifier>
    </Filter>
    <Filter Include="Engine\05.Scene">
      <UniqueIdentifier>{e922c116-fcf1-43e5-bbcc-21753b785f9b}</UniqueIdentifier>
    </Filter>
    <Filter Include="Engine\03.Mgr\SceneMgr">
      <UniqueIdentifier>{69aafca9-5986-448c-8c04-c27a16fb7f6f}</UniqueIdentifier>
    </Filter>
    <Filter Include="Engine\05.Scene\SceneStart">
      <UniqueIdentifier>{c54ef143-4b6f-4ecb-9052-c715f193a858}</UniqueIdentifier>
    </Filter>
    <Filter Include="Engine\05.Scene\SceneTool">
      <UniqueIdentifier>{b2559b61-bcc8-4e1d-a29e-e049ea84ed3d}</UniqueIdentifier>
    </Filter>
    <Filter Include="Engine\04.Object\Player">
      <UniqueIdentifier>{5fd811d4-d891-49ab-9856-d6e8863172ee}</UniqueIdentifier>
    </Filter>
    <Filter Include="Engine\04.Object\Monster">
      <UniqueIdentifier>{a6ec7cf3-1f52-47d4-ad86-b2362532860e}</UniqueIdentifier>
    </Filter>
    <Filter Include="Engine\04.Object\Missile">
      <UniqueIdentifier>{675e5703-5659-43e5-9547-89ae8f1b0057}</UniqueIdentifier>
    </Filter>
  </ItemGroup>
  <ItemGroup>
    <ClInclude Include="Core.h">
      <Filter>Engine\02.Core</Filter>
    </ClInclude>
    <ClInclude Include="Define.h">
      <Filter>Engine\01.Header</Filter>
    </ClInclude>
    <ClInclude Include="KeyMgr.h">
      <Filter>Engine\03.Mgr\KeyMgr</Filter>
    </ClInclude>
    <ClInclude Include="pch.h">
      <Filter>Default</Filter>
    </ClInclude>
    <ClInclude Include="targetver.h">
      <Filter>Default</Filter>
    </ClInclude>
    <ClInclude Include="Foxvox.h">
      <Filter>Default</Filter>
    </ClInclude>
    <ClInclude Include="framework.h">
      <Filter>Default</Filter>
    </ClInclude>
    <ClInclude Include="Resource.h">
      <Filter>Default</Filter>
    </ClInclude>
    <ClInclude Include="Object.h">
      <Filter>Engine\04.Object</Filter>
    </ClInclude>
    <ClInclude Include="FoxMath.h">
      <Filter>Engine\01.Header</Filter>
    </ClInclude>
    <ClInclude Include="TimeMgr.h">
      <Filter>Engine\03.Mgr\TimeMgr</Filter>
    </ClInclude>
    <ClInclude Include="Scene.h">
      <Filter>Engine\05.Scene</Filter>
    </ClInclude>
    <ClInclude Include="SceneMgr.h">
      <Filter>Engine\03.Mgr\SceneMgr</Filter>
    </ClInclude>
    <ClInclude Include="SceneStart.h">
      <Filter>Engine\05.Scene\SceneStart</Filter>
    </ClInclude>
    <ClInclude Include="SceneTool.h">
      <Filter>Engine\05.Scene\SceneTool</Filter>
    </ClInclude>
    <ClInclude Include="Player.h">
      <Filter>Engine\04.Object\Player</Filter>
    </ClInclude>
    <ClInclude Include="Monster.h">
      <Filter>Engine\04.Object\Monster</Filter>
    </ClInclude>
    <ClInclude Include="Missile.h">
      <Filter>Engine\04.Object\Missile</Filter>
    </ClInclude>
  </ItemGroup>
  <ItemGroup>
    <ResourceCompile Include="Foxvox.rc">
      <Filter>Default\리소스 파일</Filter>
    </ResourceCompile>
  </ItemGroup>
  <ItemGroup>
    <Image Include="small.ico">
      <Filter>Default\리소스 파일</Filter>
    </Image>
    <Image Include="Foxvox.ico">
      <Filter>Default\리소스 파일</Filter>
    </Image>
  </ItemGroup>
  <ItemGroup>
    <ClCompile Include="Core.cpp">
      <Filter>Engine\02.Core</Filter>
    </ClCompile>
    <ClCompile Include="KeyMgr.cpp">
      <Filter>Engine\03.Mgr\KeyMgr</Filter>
    </ClCompile>
    <ClCompile Include="Foxvox.cpp">
      <Filter>Default</Filter>
    </ClCompile>
    <ClCompile Include="Object.cpp">
      <Filter>Engine\04.Object</Filter>
    </ClCompile>
    <ClCompile Include="TimeMgr.cpp">
      <Filter>Engine\03.Mgr\TimeMgr</Filter>
    </ClCompile>
    <ClCompile Include="Scene.cpp">
      <Filter>Engine\05.Scene</Filter>
    </ClCompile>
    <ClCompile Include="SceneMgr.cpp">
      <Filter>Engine\03.Mgr\SceneMgr</Filter>
    </ClCompile>
    <ClCompile Include="SceneStart.cpp">
      <Filter>Engine\05.Scene\SceneStart</Filter>
    </ClCompile>
    <ClCompile Include="SceneTool.cpp">
      <Filter>Engine\05.Scene\SceneTool</Filter>
    </ClCompile>
    <ClCompile Include="Player.cpp">
      <Filter>Engine\04.Object\Player</Filter>
    </ClCompile>
    <ClCompile Include="Monster.cpp">
      <Filter>Engine\04.Object\Monster</Filter>
    </ClCompile>
    <ClCompile Include="Missile.cpp">
      <Filter>Engine\04.Object\Missile</Filter>
    </ClCompile>
  </ItemGroup>
</Project>